
Microsoft Visual Studio Solution File, Format Version 12.00
# Visual Studio Version 17
VisualStudioVersion = 17.6.33723.286
MinimumVisualStudioVersion = 10.0.40219.1
Project("{FAE04EC0-301F-11D3-BF4B-00C04F79EFBC}") = "ConsumindoApiJWT", "ConsumindoApiJWT\ConsumindoApiJWT.csproj", "{0A4A8F90-0D51-48BB-AFF6-FAED3343C5CE}"
EndProject
Global
	GlobalSection(SolutionConfigurationPlatforms) = preSolution
		Debug|Any CPU = Debug|Any CPU
		Release|Any CPU = Release|Any CPU
	EndGlobalSection
	GlobalSection(ProjectConfigurationPlatforms) = postSolution
		{0A4A8F90-0D51-48BB-AFF6-FAED3343C5CE}.Debug|Any CPU.ActiveCfg = Debug|Any CPU
		{0A4A8F90-0D51-48BB-AFF6-FAED3343C5CE}.Debug|Any CPU.Build.0 = Debug|Any CPU
		{0A4A8F90-0D51-48BB-AFF6-FAED3343C5CE}.Release|Any CPU.ActiveCfg = Release|Any CPU
		{0A4A8F90-0D51-48BB-AFF6-FAED3343C5CE}.Release|Any CPU.Build.0 = Release|Any CPU
	EndGlobalSection
	GlobalSection(SolutionProperties) = preSolution
		HideSolutionNode = FALSE
	EndGlobalSection
	GlobalSection(ExtensibilityGlobals) = postSolution
		SolutionGuid = {60B279BD-73A8-49E9-A0B1-B23516521728}
	EndGlobalSection
EndGlobal
